
Microsoft Visual Studio Solution File, Format Version 12.00
# Visual Studio Version 17
VisualStudioVersion = 17.7.34031.279
MinimumVisualStudioVersion = 10.0.40219.1
Project("{FAE04EC0-301F-11D3-BF4B-00C04F79EFBC}") = "StringEncoding.App", "StringEncoding.App\StringEncoding.App.csproj", "{98E733E4-B1C1-42D5-9DAC-FF160AF46E8C}"
EndProject
Global
	GlobalSection(SolutionConfigurationPlatforms) = preSolution
		Debug|Any CPU = Debug|Any CPU
		Release|Any CPU = Release|Any CPU
	EndGlobalSection
	GlobalSection(ProjectConfigurationPlatforms) = postSolution
		{98E733E4-B1C1-42D5-9DAC-FF160AF46E8C}.Debug|Any CPU.ActiveCfg = Debug|Any CPU
		{98E733E4-B1C1-42D5-9DAC-FF160AF46E8C}.Debug|Any CPU.Build.0 = Debug|Any CPU
		{98E733E4-B1C1-42D5-9DAC-FF160AF46E8C}.Release|Any CPU.ActiveCfg = Release|Any CPU
		{98E733E4-B1C1-42D5-9DAC-FF160AF46E8C}.Release|Any CPU.Build.0 = Release|Any CPU
	EndGlobalSection
	GlobalSection(SolutionProperties) = preSolution
		HideSolutionNode = FALSE
	EndGlobalSection
	GlobalSection(ExtensibilityGlobals) = postSolution
		SolutionGuid = {0EBB1E7B-9AC2-42E9-B437-D7E9BF949C03}
	EndGlobalSection
EndGlobal
